
Microsoft Visual Studio Solution File, Format Version 12.00
# Visual Studio Version 16
VisualStudioVersion = 16.0.31729.503
MinimumVisualStudioVersion = 10.0.40219.1
Project("{8BC9CEB8-8B4A-11D0-8D11-00A0C91BC942}") = "Server", "Server\Server.vcxproj", "{2AA984F2-4807-48E8-B8F5-429486E19CFD}"
EndProject
Project("{8BC9CEB8-8B4A-11D0-8D11-00A0C91BC942}") = "Client", "Client\Client.vcxproj", "{D0D3CB3A-1316-419C-945F-BCB737D3E873}"
EndProject
Global
	GlobalSection(SolutionConfigurationPlatforms) = preSolution
		Debug|ARM = Debug|ARM
		Debug|ARM64 = Debug|ARM64
		Debug|x64 = Debug|x64
		Debug|x86 = Debug|x86
		Release|ARM = Release|ARM
		Release|ARM64 = Release|ARM64
		Release|x64 = Release|x64
		Release|x86 = Release|x86
	EndGlobalSection
	GlobalSection(ProjectConfigurationPlatforms) = postSolution
		{2AA984F2-4807-48E8-B8F5-429486E19CFD}.Debug|ARM.ActiveCfg = Debug|ARM
		{2AA984F2-4807-48E8-B8F5-429486E19CFD}.Debug|ARM.Build.0 = Debug|ARM
		{2AA984F2-4807-48E8-B8F5-429486E19CFD}.Debug|ARM.Deploy.0 = Debug|ARM
		{2AA984F2-4807-48E8-B8F5-429486E19CFD}.Debug|ARM64.ActiveCfg = Debug|ARM64
		{2AA984F2-4807-48E8-B8F5-429486E19CFD}.Debug|ARM64.Build.0 = Debug|ARM64
		{2AA984F2-4807-48E8-B8F5-429486E19CFD}.Debug|ARM64.Deploy.0 = Debug|ARM64
		{2AA984F2-4807-48E8-B8F5-429486E19CFD}.Debug|x64.ActiveCfg = Debug|x64
		{2AA984F2-4807-48E8-B8F5-429486E19CFD}.Debug|x64.Build.0 = Debug|x64
		{2AA984F2-4807-48E8-B8F5-429486E19CFD}.Debug|x64.Deploy.0 = Debug|x64
		{2AA984F2-4807-48E8-B8F5-429486E19CFD}.Debug|x86.ActiveCfg = Debug|x86
		{2AA984F2-4807-48E8-B8F5-429486E19CFD}.Debug|x86.Build.0 = Debug|x86
		{2AA984F2-4807-48E8-B8F5-429486E19CFD}.Debug|x86.Deploy.0 = Debug|x86
		{2AA984F2-4807-48E8-B8F5-429486E19CFD}.Release|ARM.ActiveCfg = Release|ARM
		{2AA984F2-4807-48E8-B8F5-429486E19CFD}.Release|ARM.Build.0 = Release|ARM
		{2AA984F2-4807-48E8-B8F5-429486E19CFD}.Release|ARM.Deploy.0 = Release|ARM
		{2AA984F2-4807-48E8-B8F5-429486E19CFD}.Release|ARM64.ActiveCfg = Release|ARM64
		{2AA984F2-4807-48E8-B8F5-429486E19CFD}.Release|ARM64.Build.0 = Release|ARM64
		{2AA984F2-4807-48E8-B8F5-429486E19CFD}.Release|ARM64.Deploy.0 = Release|ARM64
		{2AA984F2-4807-48E8-B8F5-429486E19CFD}.Release|x64.ActiveCfg = Release|x64
		{2AA984F2-4807-48E8-B8F5-429486E19CFD}.Release|x64.Build.0 = Release|x64
		{2AA984F2-4807-48E8-B8F5-429486E19CFD}.Release|x64.Deploy.0 = Release|x64
		{2AA984F2-4807-48E8-B8F5-429486E19CFD}.Release|x86.ActiveCfg = Release|x86
		{2AA984F2-4807-48E8-B8F5-429486E19CFD}.Release|x86.Build.0 = Release|x86
		{2AA984F2-4807-48E8-B8F5-429486E19CFD}.Release|x86.Deploy.0 = Release|x86
		{D0D3CB3A-1316-419C-945F-BCB737D3E873}.Debug|ARM.ActiveCfg = Debug|ARM
		{D0D3CB3A-1316-419C-945F-BCB737D3E873}.Debug|ARM.Build.0 = Debug|ARM
		{D0D3CB3A-1316-419C-945F-BCB737D3E873}.Debug|ARM.Deploy.0 = Debug|ARM
		{D0D3CB3A-1316-419C-945F-BCB737D3E873}.Debug|ARM64.ActiveCfg = Debug|ARM64
		{D0D3CB3A-1316-419C-945F-BCB737D3E873}.Debug|ARM64.Build.0 = Debug|ARM64
		{D0D3CB3A-1316-419C-945F-BCB737D3E873}.Debug|ARM64.Deploy.0 = Debug|ARM64
		{D0D3CB3A-1316-419C-945F-BCB737D3E873}.Debug|x64.ActiveCfg = Debug|x64
		{D0D3CB3A-1316-419C-945F-BCB737D3E873}.Debug|x64.Build.0 = Debug|x64
		{D0D3CB3A-1316-419C-945F-BCB737D3E873}.Debug|x64.Deploy.0 = Debug|x64
		{D0D3CB3A-1316-419C-945F-BCB737D3E873}.Debug|x86.ActiveCfg = Debug|x86
		{D0D3CB3A-1316-419C-945F-BCB737D3E873}.Debug|x86.Build.0 = Debug|x86
		{D0D3CB3A-1316-419C-945F-BCB737D3E873}.Debug|x86.Deploy.0 = Debug|x86
		{D0D3CB3A-1316-419C-945F-BCB737D3E873}.Release|ARM.ActiveCfg = Release|ARM
		{D0D3CB3A-1316-419C-945F-BCB737D3E873}.Release|ARM.Build.0 = Release|ARM
		{D0D3CB3A-1316-419C-945F-BCB737D3E873}.Release|ARM.Deploy.0 = Release|ARM
		{D0D3CB3A-1316-419C-945F-BCB737D3E873}.Release|ARM64.ActiveCfg = Release|ARM64
		{D0D3CB3A-1316-419C-945F-BCB737D3E873}.Release|ARM64.Build.0 = Release|ARM64
		{D0D3CB3A-1316-419C-945F-BCB737D3E873}.Release|ARM64.Deploy.0 = Release|ARM64
		{D0D3CB3A-1316-419C-945F-BCB737D3E873}.Release|x64.ActiveCfg = Release|x64
		{D0D3CB3A-1316-419C-945F-BCB737D3E873}.Release|x64.Build.0 = Release|x64
		{D0D3CB3A-1316-419C-945F-BCB737D3E873}.Release|x64.Deploy.0 = Release|x64
		{D0D3CB3A-1316-419C-945F-BCB737D3E873}.Release|x86.ActiveCfg = Release|x86
		{D0D3CB3A-1316-419C-945F-BCB737D3E873}.Release|x86.Build.0 = Release|x86
		{D0D3CB3A-1316-419C-945F-BCB737D3E873}.Release|x86.Deploy.0 = Release|x86
	EndGlobalSection
	GlobalSection(SolutionProperties) = preSolution
		HideSolutionNode = FALSE
	EndGlobalSection
	GlobalSection(ExtensibilityGlobals) = postSolution
		SolutionGuid = {68D9283B-C29A-4D0A-A530-F77BF4BB5D3E}
	EndGlobalSection
EndGlobal
